Microsoft Visual Studio Solution File, Format Version 12.00
# Visual Studio Version 17
VisualStudioVersion = 17.5.2.0
MinimumVisualStudioVersion = 10.0.40219.1
Project("{FAE04EC0-301F-11D3-BF4B-00C04F79EFBC}") = "Settings.Service", "Settings.Service.csproj", "{D10A44F3-46D7-F7AF-EB93-53940AC55C15}"
EndProject
Global
	GlobalSection(SolutionConfigurationPlatforms) = preSolution
		Debug|Any CPU = Debug|Any CPU
		Release|Any CPU = Release|Any CPU
	EndGlobalSection
	GlobalSection(ProjectConfigurationPlatforms) = postSolution
		{D10A44F3-46D7-F7AF-EB93-53940AC55C15}.Debug|Any CPU.ActiveCfg = Debug|Any CPU
		{D10A44F3-46D7-F7AF-EB93-53940AC55C15}.Debug|Any CPU.Build.0 = Debug|Any CPU
		{D10A44F3-46D7-F7AF-EB93-53940AC55C15}.Release|Any CPU.ActiveCfg = Release|Any CPU
		{D10A44F3-46D7-F7AF-EB93-53940AC55C15}.Release|Any CPU.Build.0 = Release|Any CPU
	EndGlobalSection
	GlobalSection(SolutionProperties) = preSolution
		HideSolutionNode = FALSE
	EndGlobalSection
	GlobalSection(ExtensibilityGlobals) = postSolution
		SolutionGuid = {4CA13965-C073-4AF6-89C8-FABE1F18F430}
	EndGlobalSection
EndGlobal
